lockfileVersion: '9.0'

settings:
  autoInstallPeers: true
  excludeLinksFromLockfile: false

importers:

  .:
    dependencies:
      dataloader:
        specifier: ^2.2.3
        version: 2.2.3
      keyv:
        specifier: ^5.3.2
        version: 5.3.2
    devDependencies:
      '@types/keyv':
        specifier: ^4.2.0
        version: 4.2.0
      typescript:
        specifier: ^5.8.2
        version: 5.8.2

packages:

  '@keyv/serialize@1.0.3':
    resolution: {integrity: sha512-qnEovoOp5Np2JDGonIDL6Ayihw0RhnRh6vxPuHo4RDn1UOzwEo4AeIfpL6UGIrsceWrCMiVPgwRjbHu4vYFc3g==}

  '@types/keyv@4.2.0':
    resolution: {integrity: sha512-xoBtGl5R9jeKUhc8ZqeYaRDx04qqJ10yhhXYGmJ4Jr8qKpvMsDQQrNUvF/wUJ4klOtmJeJM+p2Xo3zp9uaC3tw==}
    deprecated: This is a stub types definition. keyv provides its own type definitions, so you do not need this installed.

  base64-js@1.5.1:
    resolution: {integrity: sha512-AKpaYlHn8t4SVbOHCy+b5+KKgvR4vrsD8vbvrbiQJps7fKDTkjkDry6ji0rUJjC0kzbNePLwzxq8iypo41qeWA==}

  buffer@6.0.3:
    resolution: {integrity: sha512-FTiCpNxtwiZZHEZbcbTIcZjERVICn9yq/pDFkTl95/AxzD1naBctN7YO68riM/gLSDY7sdrMby8hofADYuuqOA==}

  dataloader@2.2.3:
    resolution: {integrity: sha512-y2krtASINtPFS1rSDjacrFgn1dcUuoREVabwlOGOe4SdxenREqwjwjElAdwvbGM7kgZz9a3KVicWR7vcz8rnzA==}

  ieee754@1.2.1:
    resolution: {integrity: sha512-dcyqhDvX1C46lXZcVqCpK+FtMRQVdIMN6/Df5js2zouUsqG7I6sFxitIC+7KYK29KdXOLHdu9zL4sFnoVQnqaA==}

  keyv@5.3.2:
    resolution: {integrity: sha512-Lji2XRxqqa5Wg+CHLVfFKBImfJZ4pCSccu9eVWK6w4c2SDFLd8JAn1zqTuSFnsxb7ope6rMsnIHfp+eBbRBRZQ==}

  typescript@5.8.2:
    resolution: {integrity: sha512-aJn6wq13/afZp/jT9QZmwEjDqqvSGp1VT5GVg+f/t6/oVyrgXM6BY1h9BRh/O5p3PlUPAe+WuiEZOmb/49RqoQ==}
    engines: {node: '>=14.17'}
    hasBin: true

snapshots:

  '@keyv/serialize@1.0.3':
    dependencies:
      buffer: 6.0.3

  '@types/keyv@4.2.0':
    dependencies:
      keyv: 5.3.2

  base64-js@1.5.1: {}

  buffer@6.0.3:
    dependencies:
      base64-js: 1.5.1
      ieee754: 1.2.1

  dataloader@2.2.3: {}

  ieee754@1.2.1: {}

  keyv@5.3.2:
    dependencies:
      '@keyv/serialize': 1.0.3

  typescript@5.8.2: {}
